// !$*UTF8*$!
{
	archiveVersion = 1;
	classes = {
	};
	objectVersion = 50;
	objects = {

/* Begin PBXBuildFile section */
		550033AA20998B60008EF11A /* DummyChat.swift in Sources */ = {isa = PBXBuildFile; fileRef = 550033A920998B60008EF11A /* DummyChat.swift */; };
		550033AD20998D22008EF11A /* ChatRecievedCell.swift in Sources */ = {isa = PBXBuildFile; fileRef = 550033AB20998D22008EF11A /* ChatRecievedCell.swift */; };
		550033AE20998D22008EF11A /* ChatRecievedCell.xib in Resources */ = {isa = PBXBuildFile; fileRef = 550033AC20998D22008EF11A /* ChatRecievedCell.xib */; };
		550033B120998DF6008EF11A /* ChatSentCell.swift in Sources */ = {isa = PBXBuildFile; fileRef = 550033AF20998DF6008EF11A /* ChatSentCell.swift */; };
		550033B220998DF6008EF11A /* ChatSentCell.xib in Resources */ = {isa = PBXBuildFile; fileRef = 550033B020998DF6008EF11A /* ChatSentCell.xib */; };
		550033B42099921C008EF11A /* Pods_Chat_App.framework in Frameworks */ = {isa = PBXBuildFile; fileRef = 550033B32099921C008EF11A /* Pods_Chat_App.framework */; };
		550033B720999359008EF11A /* ChatNoneCell.swift in Sources */ = {isa = PBXBuildFile; fileRef = 550033B520999359008EF11A /* ChatNoneCell.swift */; };
		550033B820999359008EF11A /* ChatNoneCell.xib in Resources */ = {isa = PBXBuildFile; fileRef = 550033B620999359008EF11A /* ChatNoneCell.xib */; };
		550033BB20999934008EF11A /* Extension.swift in Sources */ = {isa = PBXBuildFile; fileRef = 550033BA20999934008EF11A /* Extension.swift */; };
		550033BF2099B412008EF11A /* Rech.swift in Sources */ = {isa = PBXBuildFile; fileRef = 550033BE2099B412008EF11A /* Rech.swift */; };
		550033C12099B425008EF11A /* urlsession.swift in Sources */ = {isa = PBXBuildFile; fileRef = 550033C02099B425008EF11A /* urlsession.swift */; };
		5508B6A220989C140040F27C /* AppDelegate.swift in Sources */ = {isa = PBXBuildFile; fileRef = 5508B6A120989C140040F27C /* AppDelegate.swift */; };
		5508B6A420989C140040F27C /* ViewController.swift in Sources */ = {isa = PBXBuildFile; fileRef = 5508B6A320989C140040F27C /* ViewController.swift */; };
		5508B6A720989C140040F27C /* Main.storyboard in Resources */ = {isa = PBXBuildFile; fileRef = 5508B6A520989C140040F27C /* Main.storyboard */; };
		5508B6A920989C160040F27C /* Assets.xcassets in Resources */ = {isa = PBXBuildFile; fileRef = 5508B6A820989C160040F27C /* Assets.xcassets */; };
		5508B6AC20989C160040F27C /* LaunchScreen.storyboard in Resources */ = {isa = PBXBuildFile; fileRef = 5508B6AA20989C160040F27C /* LaunchScreen.storyboard */; };
		5508B6BE2098B5D40040F27C /* SwiftChat.swift in Sources */ = {isa = PBXBuildFile; fileRef = 5508B6BD2098B5D40040F27C /* SwiftChat.swift */; };
/* End PBXBuildFile section */

/* Begin PBXFileReference section */
		0C55F6D6B2DF8D17EF6DF001 /* Pods-Chat-App.debug.xcconfig */ = {isa = PBXFileReference; includeInIndex = 1; lastKnownFileType = text.xcconfig; name = "Pods-Chat-App.debug.xcconfig"; path = "Pods/Target Support Files/Pods-Chat-App/Pods-Chat-App.debug.xcconfig"; sourceTree = "<group>"; };
		550033A920998B60008EF11A /* DummyChat.swift */ = {isa = PBXFileReference; lastKnownFileType = sourcecode.swift; path = DummyChat.swift; sourceTree = "<group>"; };
		550033AB20998D22008EF11A /* ChatRecievedCell.swift */ = {isa = PBXFileReference; lastKnownFileType = sourcecode.swift; path = ChatRecievedCell.swift; sourceTree = "<group>"; };
		550033AC20998D22008EF11A /* ChatRecievedCell.xib */ = {isa = PBXFileReference; lastKnownFileType = file.xib; path = ChatRecievedCell.xib; sourceTree = "<group>"; };
		550033AF20998DF6008EF11A /* ChatSentCell.swift */ = {isa = PBXFileReference; lastKnownFileType = sourcecode.swift; path = ChatSentCell.swift; sourceTree = "<group>"; };
		550033B020998DF6008EF11A /* ChatSentCell.xib */ = {isa = PBXFileReference; lastKnownFileType = file.xib; path = ChatSentCell.xib; sourceTree = "<group>"; };
		550033B32099921C008EF11A /* Pods_Chat_App.framework */ = {isa = PBXFileReference; explicitFileType = wrapper.framework; path = Pods_Chat_App.framework; sourceTree = BUILT_PRODUCTS_DIR; };
		550033B520999359008EF11A /* ChatNoneCell.swift */ = {isa = PBXFileReference; lastKnownFileType = sourcecode.swift; path = ChatNoneCell.swift; sourceTree = "<group>"; };
		550033B620999359008EF11A /* ChatNoneCell.xib */ = {isa = PBXFileReference; lastKnownFileType = file.xib; path = ChatNoneCell.xib; sourceTree = "<group>"; };
		550033BA20999934008EF11A /* Extension.swift */ = {isa = PBXFileReference; lastKnownFileType = sourcecode.swift; path = Extension.swift; sourceTree = "<group>"; };
		550033BE2099B412008EF11A /* Rech.swift */ = {isa = PBXFileReference; lastKnownFileType = sourcecode.swift; path = Rech.swift; sourceTree = "<group>"; };
		550033C02099B425008EF11A /* urlsession.swift */ = {isa = PBXFileReference; lastKnownFileType = sourcecode.swift; path = urlsession.swift; sourceTree = "<group>"; };
		5508B69E20989C140040F27C /* Chat-App.app */ = {isa = PBXFileReference; explicitFileType = wrapper.application; includeInIndex = 0; path = "Chat-App.app"; sourceTree = BUILT_PRODUCTS_DIR; };
		5508B6A120989C140040F27C /* AppDelegate.swift */ = {isa = PBXFileReference; lastKnownFileType = sourcecode.swift; path = AppDelegate.swift; sourceTree = "<group>"; };
		5508B6A320989C140040F27C /* ViewController.swift */ = {isa = PBXFileReference; lastKnownFileType = sourcecode.swift; path = ViewController.swift; sourceTree = "<group>"; };
		5508B6A620989C140040F27C /* Base */ = {isa = PBXFileReference; lastKnownFileType = file.storyboard; name = Base; path = Base.lproj/Main.storyboard; sourceTree = "<group>"; };
		5508B6A820989C160040F27C /* Assets.xcassets */ = {isa = PBXFileReference; lastKnownFileType = folder.assetcatalog; path = Assets.xcassets; sourceTree = "<group>"; };
		5508B6AB20989C160040F27C /* Base */ = {isa = PBXFileReference; lastKnownFileType = file.storyboard; name = Base; path = Base.lproj/LaunchScreen.storyboard; sourceTree = "<group>"; };
		5508B6AD20989C160040F27C /* Info.plist */ = {isa = PBXFileReference; lastKnownFileType = text.plist.xml; path = Info.plist; sourceTree = "<group>"; };
		5508B6BD2098B5D40040F27C /* SwiftChat.swift */ = {isa = PBXFileReference; lastKnownFileType = sourcecode.swift; path = SwiftChat.swift; sourceTree = "<group>"; };
		8226C1BC235DA1F5EAD0574D /* Pods-Chat-App.release.xcconfig */ = {isa = PBXFileReference; includeInIndex = 1; lastKnownFileType = text.xcconfig; name = "Pods-Chat-App.release.xcconfig"; path = "Pods/Target Support Files/Pods-Chat-App/Pods-Chat-App.release.xcconfig"; sourceTree = "<group>"; };
		957E8D8F28D18A23A2E798CF /* Pods_Chat_App.framework */ = {isa = PBXFileReference; explicitFileType = wrapper.framework; includeInIndex = 0; path = Pods_Chat_App.framework; sourceTree = BUILT_PRODUCTS_DIR; };
/* End PBXFileReference section */

/* Begin PBXFrameworksBuildPhase section */
		5508B69B20989C140040F27C /* Frameworks */ = {
			isa = PBXFrameworksBuildPhase;
			buildActionMask = 2147483647;
			files = (
				550033B42099921C008EF11A /* Pods_Chat_App.framework in Frameworks */,
			);
			runOnlyForDeploymentPostprocessing = 0;
		};
/* End PBXFrameworksBuildPhase section */

/* Begin PBXGroup section */
		0188D161F3F838624C025E84 /* Frameworks */ = {
			isa = PBXGroup;
			children = (
				550033B32099921C008EF11A /* Pods_Chat_App.framework */,
				957E8D8F28D18A23A2E798CF /* Pods_Chat_App.framework */,
			);
			name = Frameworks;
			sourceTree = "<group>";
		};
		264CE8225FB8BEFCA6BF224F /* Pods */ = {
			isa = PBXGroup;
			children = (
				0C55F6D6B2DF8D17EF6DF001 /* Pods-Chat-App.debug.xcconfig */,
				8226C1BC235DA1F5EAD0574D /* Pods-Chat-App.release.xcconfig */,
			);
			name = Pods;
			sourceTree = "<group>";
		};
		550033B920999919008EF11A /* Utilities */ = {
			isa = PBXGroup;
			children = (
				550033BA20999934008EF11A /* Extension.swift */,
			);
			path = Utilities;
			sourceTree = "<group>";
		};
		550033BC2099A42B008EF11A /* Support */ = {
			isa = PBXGroup;
			children = (
				5508B6A120989C140040F27C /* AppDelegate.swift */,
				5508B6A820989C160040F27C /* Assets.xcassets */,
				5508B6AA20989C160040F27C /* LaunchScreen.storyboard */,
				5508B6AD20989C160040F27C /* Info.plist */,
			);
			path = Support;
			sourceTree = "<group>";
		};
		550033BD2099B408008EF11A /* Networking */ = {
			isa = PBXGroup;
			children = (
				550033BE2099B412008EF11A /* Rech.swift */,
				550033C02099B425008EF11A /* urlsession.swift */,
			);
			path = Networking;
			sourceTree = "<group>";
		};
		5508B69520989C130040F27C = {
			isa = PBXGroup;
			children = (
				5508B6A020989C140040F27C /* Chat-App */,
				550033BC2099A42B008EF11A /* Support */,
				5508B69F20989C140040F27C /* Products */,
				264CE8225FB8BEFCA6BF224F /* Pods */,
				0188D161F3F838624C025E84 /* Frameworks */,
			);
			sourceTree = "<group>";
		};
		5508B69F20989C140040F27C /* Products */ = {
			isa = PBXGroup;
			children = (
				5508B69E20989C140040F27C /* Chat-App.app */,
			);
			name = Products;
			sourceTree = "<group>";
		};
		5508B6A020989C140040F27C /* Chat-App */ = {
			isa = PBXGroup;
			children = (
				550033BD2099B408008EF11A /* Networking */,
				550033B920999919008EF11A /* Utilities */,
				5508B6A320989C140040F27C /* ViewController.swift */,
				5508B6A520989C140040F27C /* Main.storyboard */,
				5508B6BD2098B5D40040F27C /* SwiftChat.swift */,
				550033A920998B60008EF11A /* DummyChat.swift */,
				550033AB20998D22008EF11A /* ChatRecievedCell.swift */,
				550033AC20998D22008EF11A /* ChatRecievedCell.xib */,
				550033AF20998DF6008EF11A /* ChatSentCell.swift */,
				550033B020998DF6008EF11A /* ChatSentCell.xib */,
				550033B520999359008EF11A /* ChatNoneCell.swift */,
				550033B620999359008EF11A /* ChatNoneCell.xib */,
			);
			path = "Chat-App";
			sourceTree = "<group>";
		};
/* End PBXGroup section */

/* Begin PBXNativeTarget section */
		5508B69D20989C140040F27C /* Chat-App */ = {
			isa = PBXNativeTarget;
			buildConfigurationList = 5508B6B020989C160040F27C /* Build configuration list for PBXNativeTarget "Chat-App" */;
			buildPhases = (
				1E8213A2BB4405556854A965 /* [CP] Check Pods Manifest.lock */,
				5508B69A20989C140040F27C /* Sources */,
				5508B69B20989C140040F27C /* Frameworks */,
				5508B69C20989C140040F27C /* Resources */,
				BBFD4941D4B217092043CC61 /* [CP] Embed Pods Frameworks */,
			);
			buildRules = (
			);
			dependencies = (
			);
			name = "Chat-App";
			productName = "Chat-App";
			productReference = 5508B69E20989C140040F27C /* Chat-App.app */;
			productType = "com.apple.product-type.application";
		};
/* End PBXNativeTarget section */

/* Begin PBXProject section */
		5508B69620989C130040F27C /* Project object */ = {
			isa = PBXProject;
			attributes = {
				LastSwiftUpdateCheck = 0930;
				LastUpgradeCheck = 0930;
				ORGANIZATIONNAME = PNKBKSH;
				TargetAttributes = {
					5508B69D20989C140040F27C = {
						CreatedOnToolsVersion = 9.3;
					};
				};
			};
			buildConfigurationList = 5508B69920989C130040F27C /* Build configuration list for PBXProject "Chat-App" */;
			compatibilityVersion = "Xcode 9.3";
			developmentRegion = en;
			hasScannedForEncodings = 0;
			knownRegions = (
				en,
				Base,
			);
			mainGroup = 5508B69520989C130040F27C;
			productRefGroup = 5508B69F20989C140040F27C /* Products */;
			projectDirPath = "";
			projectRoot = "";
			targets = (
				5508B69D20989C140040F27C /* Chat-App */,
			);
		};
/* End PBXProject section */

/* Begin PBXResourcesBuildPhase section */
		5508B69C20989C140040F27C /* Resources */ = {
			isa = PBXResourcesBuildPhase;
			buildActionMask = 2147483647;
			files = (
				5508B6AC20989C160040F27C /* LaunchScreen.storyboard in Resources */,
				550033B820999359008EF11A /* ChatNoneCell.xib in Resources */,
				5508B6A920989C160040F27C /* Assets.xcassets in Resources */,
				550033AE20998D22008EF11A /* ChatRecievedCell.xib in Resources */,
				5508B6A720989C140040F27C /* Main.storyboard in Resources */,
				550033B220998DF6008EF11A /* ChatSentCell.xib in Resources */,
			);
			runOnlyForDeploymentPostprocessing = 0;
		};
/* End PBXResourcesBuildPhase section */

/* Begin PBXShellScriptBuildPhase section */
		1E8213A2BB4405556854A965 /* [CP] Check Pods Manifest.lock */ = {
			isa = PBXShellScriptBuildPhase;
			buildActionMask = 2147483647;
			files = (
			);
			inputPaths = (
				"${PODS_PODFILE_DIR_PATH}/Podfile.lock",
				"${PODS_ROOT}/Manifest.lock",
			);
			name = "[CP] Check Pods Manifest.lock";
			outputPaths = (
				"$(DERIVED_FILE_DIR)/Pods-Chat-App-checkManifestLockResult.txt",
			);
			runOnlyForDeploymentPostprocessing = 0;
			shellPath = /bin/sh;
			shellScript = "diff \"${PODS_PODFILE_DIR_PATH}/Podfile.lock\" \"${PODS_ROOT}/Manifest.lock\" > /dev/null\nif [ $? != 0 ] ; then\n    # print error to STDERR\n    echo \"error: The sandbox is not in sync with the Podfile.lock. Run 'pod install' or update your CocoaPods installation.\" >&2\n    exit 1\nfi\n# This output is used by Xcode 'outputs' to avoid re-running this script phase.\necho \"SUCCESS\" > \"${SCRIPT_OUTPUT_FILE_0}\"\n";
			showEnvVarsInLog = 0;
		};
		BBFD4941D4B217092043CC61 /* [CP] Embed Pods Frameworks */ = {
			isa = PBXShellScriptBuildPhase;
			buildActionMask = 2147483647;
			files = (
			);
			inputPaths = (
				"${SRCROOT}/Pods/Target Support Files/Pods-Chat-App/Pods-Chat-App-frameworks.sh",
				"${BUILT_PRODUCTS_DIR}/ApiAI/ApiAI.framework",
				"${BUILT_PRODUCTS_DIR}/IQKeyboardManagerSwift/IQKeyboardManagerSwift.framework",
			);
			name = "[CP] Embed Pods Frameworks";
			outputPaths = (
				"${TARGET_BUILD_DIR}/${FRAMEWORKS_FOLDER_PATH}/ApiAI.framework",
				"${TARGET_BUILD_DIR}/${FRAMEWORKS_FOLDER_PATH}/IQKeyboardManagerSwift.framework",
			);
			runOnlyForDeploymentPostprocessing = 0;
			shellPath = /bin/sh;
			shellScript = "\"${SRCROOT}/Pods/Target Support Files/Pods-Chat-App/Pods-Chat-App-frameworks.sh\"\n";
			showEnvVarsInLog = 0;
		};
/* End PBXShellScriptBuildPhase section */

/* Begin PBXSourcesBuildPhase section */
		5508B69A20989C140040F27C /* Sources */ = {
			isa = PBXSourcesBuildPhase;
			buildActionMask = 2147483647;
			files = (
				5508B6A420989C140040F27C /* ViewController.swift in Sources */,
				550033BF2099B412008EF11A /* Rech.swift in Sources */,
				5508B6A220989C140040F27C /* AppDelegate.swift in Sources */,
				550033AD20998D22008EF11A /* ChatRecievedCell.swift in Sources */,
				550033B720999359008EF11A /* ChatNoneCell.swift in Sources */,
				550033AA20998B60008EF11A /* DummyChat.swift in Sources */,
				550033C12099B425008EF11A /* urlsession.swift in Sources */,
				5508B6BE2098B5D40040F27C /* SwiftChat.swift in Sources */,
				550033B120998DF6008EF11A /* ChatSentCell.swift in Sources */,
				550033BB20999934008EF11A /* Extension.swift in Sources */,
			);
			runOnlyForDeploymentPostprocessing = 0;
		};
/* End PBXSourcesBuildPhase section */

/* Begin PBXVariantGroup section */
		5508B6A520989C140040F27C /* Main.storyboard */ = {
			isa = PBXVariantGroup;
			children = (
				5508B6A620989C140040F27C /* Base */,
			);
			name = Main.storyboard;
			sourceTree = "<group>";
		};
		5508B6AA20989C160040F27C /* LaunchScreen.storyboard */ = {
			isa = PBXVariantGroup;
			children = (
				5508B6AB20989C160040F27C /* Base */,
			);
			name = LaunchScreen.storyboard;
			sourceTree = "<group>";
		};
/* End PBXVariantGroup section */

/* Begin XCBuildConfiguration section */
		5508B6AE20989C160040F27C /* Debug */ = {
			isa = XCBuildConfiguration;
			buildSettings = {
				ALWAYS_SEARCH_USER_PATHS = NO;
				CLANG_ANALYZER_NONNULL = YES;
				CLANG_ANALYZER_NUMBER_OBJECT_CONVERSION = YES_AGGRESSIVE;
				CLANG_CXX_LANGUAGE_STANDARD = "gnu++14";
				CLANG_CXX_LIBRARY = "libc++";
				CLANG_ENABLE_MODULES = YES;
				CLANG_ENABLE_OBJC_ARC = YES;
				CLANG_ENABLE_OBJC_WEAK = YES;
				CLANG_WARN_BLOCK_CAPTURE_AUTORELEASING = YES;
				CLANG_WARN_BOOL_CONVERSION = YES;
				CLANG_WARN_COMMA = YES;
				CLANG_WARN_CONSTANT_CONVERSION = YES;
				CLANG_WARN_DEPRECATED_OBJC_IMPLEMENTATIONS = YES;
				CLANG_WARN_DIRECT_OBJC_ISA_USAGE = YES_ERROR;
				CLANG_WARN_DOCUMENTATION_COMMENTS = YES;
				CLANG_WARN_EMPTY_BODY = YES;
				CLANG_WARN_ENUM_CONVERSION = YES;
				CLANG_WARN_INFINITE_RECURSION = YES;
				CLANG_WARN_INT_CONVERSION = YES;
				CLANG_WARN_NON_LITERAL_NULL_CONVERSION = YES;
				CLANG_WARN_OBJC_IMPLICIT_RETAIN_SELF = YES;
				CLANG_WARN_OBJC_LITERAL_CONVERSION = YES;
				CLANG_WARN_OBJC_ROOT_CLASS = YES_ERROR;
				CLANG_WARN_RANGE_LOOP_ANALYSIS = YES;
				CLANG_WARN_STRICT_PROTOTYPES = YES;
				CLANG_WARN_SUSPICIOUS_MOVE = YES;
				CLANG_WARN_UNGUARDED_AVAILABILITY = YES_AGGRESSIVE;
				CLANG_WARN_UNREACHABLE_CODE = YES;
				CLANG_WARN__DUPLICATE_METHOD_MATCH = YES;
				CODE_SIGN_IDENTITY = "iPhone Developer";
				COPY_PHASE_STRIP = NO;
				DEBUG_INFORMATION_FORMAT = dwarf;
				ENABLE_STRICT_OBJC_MSGSEND = YES;
				ENABLE_TESTABILITY = YES;
				GCC_C_LANGUAGE_STANDARD = gnu11;
				GCC_DYNAMIC_NO_PIC = NO;
				GCC_NO_COMMON_BLOCKS = YES;
				GCC_OPTIMIZATION_LEVEL = 0;
				GCC_PREPROCESSOR_DEFINITIONS = (
					"DEBUG=1",
					"$(inherited)",
				);
				GCC_WARN_64_TO_32_BIT_CONVERSION = YES;
				GCC_WARN_ABOUT_RETURN_TYPE = YES_ERROR;
				GCC_WARN_UNDECLARED_SELECTOR = YES;
				GCC_WARN_UNINITIALIZED_AUTOS = YES_AGGRESSIVE;
				GCC_WARN_UNUSED_FUNCTION = YES;
				GCC_WARN_UNUSED_VARIABLE = YES;
				IPHONEOS_DEPLOYMENT_TARGET = 11.3;
				MTL_ENABLE_DEBUG_INFO = YES;
				ONLY_ACTIVE_ARCH = YES;
				SDKROOT = iphoneos;
				SWIFT_ACTIVE_COMPILATION_CONDITIONS = DEBUG;
				SWIFT_OPTIMIZATION_LEVEL = "-Onone";
			};
			name = Debug;
		};
		5508B6AF20989C160040F27C /* Release */ = {
			isa = XCBuildConfiguration;
			buildSettings = {
				ALWAYS_SEARCH_USER_PATHS = NO;
				CLANG_ANALYZER_NONNULL = YES;
				CLANG_ANALYZER_NUMBER_OBJECT_CONVERSION = YES_AGGRESSIVE;
				CLANG_CXX_LANGUAGE_STANDARD = "gnu++14";
				CLANG_CXX_LIBRARY = "libc++";
				CLANG_ENABLE_MODULES = YES;
				CLANG_ENABLE_OBJC_ARC = YES;
				CLANG_ENABLE_OBJC_WEAK = YES;
				CLANG_WARN_BLOCK_CAPTURE_AUTORELEASING = YES;
				CLANG_WARN_BOOL_CONVERSION = YES;
				CLANG_WARN_COMMA = YES;
				CLANG_WARN_CONSTANT_CONVERSION = YES;
				CLANG_WARN_DEPRECATED_OBJC_IMPLEMENTATIONS = YES;
				CLANG_WARN_DIRECT_OBJC_ISA_USAGE = YES_ERROR;
				CLANG_WARN_DOCUMENTATION_COMMENTS = YES;
				CLANG_WARN_EMPTY_BODY = YES;
				CLANG_WARN_ENUM_CONVERSION = YES;
				CLANG_WARN_INFINITE_RECURSION = YES;
				CLANG_WARN_INT_CONVERSION = YES;
				CLANG_WARN_NON_LITERAL_NULL_CONVERSION = YES;
				CLANG_WARN_OBJC_IMPLICIT_RETAIN_SELF = YES;
				CLANG_WARN_OBJC_LITERAL_CONVERSION = YES;
				CLANG_WARN_OBJC_ROOT_CLASS = YES_ERROR;
				CLANG_WARN_RANGE_LOOP_ANALYSIS = YES;
				CLANG_WARN_STRICT_PROTOTYPES = YES;
				CLANG_WARN_SUSPICIOUS_MOVE = YES;
				CLANG_WARN_UNGUARDED_AVAILABILITY = YES_AGGRESSIVE;
				CLANG_WARN_UNREACHABLE_CODE = YES;
				CLANG_WARN__DUPLICATE_METHOD_MATCH = YES;
				CODE_SIGN_IDENTITY = "iPhone Developer";
				COPY_PHASE_STRIP = NO;
				DEBUG_INFORMATION_FORMAT = "dwarf-with-dsym";
				ENABLE_NS_ASSERTIONS = NO;
				ENABLE_STRICT_OBJC_MSGSEND = YES;
				GCC_C_LANGUAGE_STANDARD = gnu11;
				GCC_NO_COMMON_BLOCKS = YES;
				GCC_WARN_64_TO_32_BIT_CONVERSION = YES;
				GCC_WARN_ABOUT_RETURN_TYPE = YES_ERROR;
				GCC_WARN_UNDECLARED_SELECTOR = YES;
				GCC_WARN_UNINITIALIZED_AUTOS = YES_AGGRESSIVE;
				GCC_WARN_UNUSED_FUNCTION = YES;
				GCC_WARN_UNUSED_VARIABLE = YES;
				IPHONEOS_DEPLOYMENT_TARGET = 11.3;
				MTL_ENABLE_DEBUG_INFO = NO;
				SDKROOT = iphoneos;
				SWIFT_COMPILATION_MODE = wholemodule;
				SWIFT_OPTIMIZATION_LEVEL = "-O";
				VALIDATE_PRODUCT = YES;
			};
			name = Release;
		};
		5508B6B120989C160040F27C /* Debug */ = {
			isa = XCBuildConfiguration;
			baseConfigurationReference = 0C55F6D6B2DF8D17EF6DF001 /* Pods-Chat-App.debug.xcconfig */;
			buildSettings = {
				ASSETCATALOG_COMPILER_APPICON_NAME = AppIcon;
				CODE_SIGN_STYLE = Automatic;
				DEVELOPMENT_TEAM = X98TJR4XF9;
				INFOPLIST_FILE = "$(SRCROOT)/Support/Info.plist";
				LD_RUNPATH_SEARCH_PATHS = "$(inherited) @executable_path/Frameworks";
				PRODUCT_BUNDLE_IDENTIFIER = "PNKBKSH.PresidenT.Chat-App";
				PRODUCT_NAME = "$(TARGET_NAME)";
				SWIFT_VERSION = 4.0;
				TARGETED_DEVICE_FAMILY = "1,2";
			};
			name = Debug;
		};
		5508B6B220989C160040F27C /* Release */ = {
			isa = XCBuildConfiguration;
			baseConfigurationReference = 8226C1BC235DA1F5EAD0574D /* Pods-Chat-App.release.xcconfig */;
			buildSettings = {
				ASSETCATALOG_COMPILER_APPICON_NAME = AppIcon;
				CODE_SIGN_STYLE = Automatic;
				DEVELOPMENT_TEAM = X98TJR4XF9;
				INFOPLIST_FILE = "$(SRCROOT)/Support/Info.plist";
				LD_RUNPATH_SEARCH_PATHS = "$(inherited) @executable_path/Frameworks";
				PRODUCT_BUNDLE_IDENTIFIER = "PNKBKSH.PresidenT.Chat-App";
				PRODUCT_NAME = "$(TARGET_NAME)";
				SWIFT_VERSION = 4.0;
				TARGETED_DEVICE_FAMILY = "1,2";
			};
			name = Release;
		};
/* End XCBuildConfiguration section */

/* Begin XCConfigurationList section */
		5508B69920989C130040F27C /* Build configuration list for PBXProject "Chat-App" */ = {
			isa = XCConfigurationList;
			buildConfigurations = (
				5508B6AE20989C160040F27C /* Debug */,
				5508B6AF20989C160040F27C /* Release */,
			);
			defaultConfigurationIsVisible = 0;
			defaultConfigurationName = Release;
		};
		5508B6B020989C160040F27C /* Build configuration list for PBXNativeTarget "Chat-App" */ = {
			isa = XCConfigurationList;
			buildConfigurations = (
				5508B6B120989C160040F27C /* Debug */,
				5508B6B220989C160040F27C /* Release */,
			);
			defaultConfigurationIsVisible = 0;
			defaultConfigurationName = Release;
		};
/* End XCConfigurationList section */
	};
	rootObject = 5508B69620989C130040F27C /* Project object */;
}
